
Microsoft Visual Studio Solution File, Format Version 12.00
Project("{FAE04EC0-301F-11D3-BF4B-00C04F79EFBC}") = "Recipe.Backend.API", "Recipe.Backend.API\Recipe.Backend.API.csproj", "{04AA79CB-EE7C-4C77-92FC-F1CFB4BFD002}"
EndProject
Project("{FAE04EC0-301F-11D3-BF4B-00C04F79EFBC}") = "Recipe.Backend.Data", "Recipe.Backend.Data\Recipe.Backend.Data.csproj", "{51F1E85B-22CB-4FC0-890A-6660787C4BE8}"
EndProject
Global
	GlobalSection(SolutionConfigurationPlatforms) = preSolution
		Debug|Any CPU = Debug|Any CPU
		Release|Any CPU = Release|Any CPU
	EndGlobalSection
	GlobalSection(ProjectConfigurationPlatforms) = postSolution
		{04AA79CB-EE7C-4C77-92FC-F1CFB4BFD002}.Debug|Any CPU.ActiveCfg = Debug|Any CPU
		{04AA79CB-EE7C-4C77-92FC-F1CFB4BFD002}.Debug|Any CPU.Build.0 = Debug|Any CPU
		{04AA79CB-EE7C-4C77-92FC-F1CFB4BFD002}.Release|Any CPU.ActiveCfg = Release|Any CPU
		{04AA79CB-EE7C-4C77-92FC-F1CFB4BFD002}.Release|Any CPU.Build.0 = Release|Any CPU
		{51F1E85B-22CB-4FC0-890A-6660787C4BE8}.Debug|Any CPU.ActiveCfg = Debug|Any CPU
		{51F1E85B-22CB-4FC0-890A-6660787C4BE8}.Debug|Any CPU.Build.0 = Debug|Any CPU
		{51F1E85B-22CB-4FC0-890A-6660787C4BE8}.Release|Any CPU.ActiveCfg = Release|Any CPU
		{51F1E85B-22CB-4FC0-890A-6660787C4BE8}.Release|Any CPU.Build.0 = Release|Any CPU
	EndGlobalSection
EndGlobal
